
Microsoft Visual Studio Solution File, Format Version 12.00
# Visual Studio Version 17
VisualStudioVersion = 17.3.32825.248
MinimumVisualStudioVersion = 10.0.40219.1
Project("{FAE04EC0-301F-11D3-BF4B-00C04F79EFBC}") = "LinkedInWebAPI", "LinkedInWebAPI\LinkedInWebAPI.csproj", "{A0DB2EC4-9484-4F3F-854D-56EC0E8CADB7}"
EndProject
Global
	GlobalSection(SolutionConfigurationPlatforms) = preSolution
		Debug|Any CPU = Debug|Any CPU
		Release|Any CPU = Release|Any CPU
	EndGlobalSection
	GlobalSection(ProjectConfigurationPlatforms) = postSolution
		{A0DB2EC4-9484-4F3F-854D-56EC0E8CADB7}.Debug|Any CPU.ActiveCfg = Debug|Any CPU
		{A0DB2EC4-9484-4F3F-854D-56EC0E8CADB7}.Debug|Any CPU.Build.0 = Debug|Any CPU
		{A0DB2EC4-9484-4F3F-854D-56EC0E8CADB7}.Release|Any CPU.ActiveCfg = Release|Any CPU
		{A0DB2EC4-9484-4F3F-854D-56EC0E8CADB7}.Release|Any CPU.Build.0 = Release|Any CPU
	EndGlobalSection
	GlobalSection(SolutionProperties) = preSolution
		HideSolutionNode = FALSE
	EndGlobalSection
	GlobalSection(ExtensibilityGlobals) = postSolution
		SolutionGuid = {27F2A783-046F-4B8E-9F4E-83F7AA97DEB9}
	EndGlobalSection
EndGlobal
